// !$*UTF8*$!
{
	archiveVersion = 1;
	classes = {
	};
	objectVersion = 56;
	objects = {

/* Begin PBXBuildFile section */
		D360BD9E2C91DCD80050ECC0 /* Recipe_TestApp.swift in Sources */ = {isa = PBXBuildFile; fileRef = D360BD9D2C91DCD80050ECC0 /* Recipe_TestApp.swift */; };
		D360BDA02C91DCD80050ECC0 /* ContentView.swift in Sources */ = {isa = PBXBuildFile; fileRef = D360BD9F2C91DCD80050ECC0 /* ContentView.swift */; };
		D360BDA22C91DCD90050ECC0 /* Assets.xcassets in Resources */ = {isa = PBXBuildFile; fileRef = D360BDA12C91DCD90050ECC0 /* Assets.xcassets */; };
		D360BDA52C91DCD90050ECC0 /* Preview Assets.xcassets in Resources */ = {isa = PBXBuildFile; fileRef = D360BDA42C91DCD90050ECC0 /* Preview Assets.xcassets */; };
		D360BDAF2C91DCDA0050ECC0 /* Recipe_TestTests.swift in Sources */ = {isa = PBXBuildFile; fileRef = D360BDAE2C91DCDA0050ECC0 /* Recipe_TestTests.swift */; };
		D360BDB92C91DCDA0050ECC0 /* Recipe_TestUITests.swift in Sources */ = {isa = PBXBuildFile; fileRef = D360BDB82C91DCDA0050ECC0 /* Recipe_TestUITests.swift */; };
		D360BDBB2C91DCDA0050ECC0 /* Recipe_TestUITestsLaunchTests.swift in Sources */ = {isa = PBXBuildFile; fileRef = D360BDBA2C91DCDA0050ECC0 /* Recipe_TestUITestsLaunchTests.swift */; };
		D360BDC92C91DD4E0050ECC0 /* RecipeService.swift in Sources */ = {isa = PBXBuildFile; fileRef = D360BDC82C91DD4E0050ECC0 /* RecipeService.swift */; };
		D360BDCC2C91E91E0050ECC0 /* MealCategory.swift in Sources */ = {isa = PBXBuildFile; fileRef = D360BDCB2C91E91E0050ECC0 /* MealCategory.swift */; };
		D360BDCE2C92053C0050ECC0 /* MealDetailView.swift in Sources */ = {isa = PBXBuildFile; fileRef = D360BDCD2C92053C0050ECC0 /* MealDetailView.swift */; };
		D360BDD02C9226DA0050ECC0 /* MyAsyncImage.swift in Sources */ = {isa = PBXBuildFile; fileRef = D360BDCF2C9226DA0050ECC0 /* MyAsyncImage.swift */; };
		D360BDD22C93557D0050ECC0 /* MealDetail.swift in Sources */ = {isa = PBXBuildFile; fileRef = D360BDD12C93557D0050ECC0 /* MealDetail.swift */; };
		D360BDD42C9355BD0050ECC0 /* Meal.swift in Sources */ = {isa = PBXBuildFile; fileRef = D360BDD32C9355BD0050ECC0 /* Meal.swift */; };
		D360BDD62C935C030050ECC0 /* MealListView.swift in Sources */ = {isa = PBXBuildFile; fileRef = D360BDD52C935C030050ECC0 /* MealListView.swift */; };
/* End PBXBuildFile section */

/* Begin PBXContainerItemProxy section */
		D360BDAB2C91DCDA0050ECC0 /* PBXContainerItemProxy */ = {
			isa = PBXContainerItemProxy;
			containerPortal = D360BD922C91DCD80050ECC0 /* Project object */;
			proxyType = 1;
			remoteGlobalIDString = D360BD992C91DCD80050ECC0;
			remoteInfo = Recipe_Test;
		};
		D360BDB52C91DCDA0050ECC0 /* PBXContainerItemProxy */ = {
			isa = PBXContainerItemProxy;
			containerPortal = D360BD922C91DCD80050ECC0 /* Project object */;
			proxyType = 1;
			remoteGlobalIDString = D360BD992C91DCD80050ECC0;
			remoteInfo = Recipe_Test;
		};
/* End PBXContainerItemProxy section */

/* Begin PBXFileReference section */
		D360BD9A2C91DCD80050ECC0 /* Recipe_Test.app */ = {isa = PBXFileReference; explicitFileType = wrapper.application; includeInIndex = 0; path = Recipe_Test.app; sourceTree = BUILT_PRODUCTS_DIR; };
		D360BD9D2C91DCD80050ECC0 /* Recipe_TestApp.swift */ = {isa = PBXFileReference; lastKnownFileType = sourcecode.swift; path = Recipe_TestApp.swift; sourceTree = "<group>"; };
		D360BD9F2C91DCD80050ECC0 /* ContentView.swift */ = {isa = PBXFileReference; lastKnownFileType = sourcecode.swift; path = ContentView.swift; sourceTree = "<group>"; };
		D360BDA12C91DCD90050ECC0 /* Assets.xcassets */ = {isa = PBXFileReference; lastKnownFileType = folder.assetcatalog; path = Assets.xcassets; sourceTree = "<group>"; };
		D360BDA42C91DCD90050ECC0 /* Preview Assets.xcassets */ = {isa = PBXFileReference; lastKnownFileType = folder.assetcatalog; path = "Preview Assets.xcassets"; sourceTree = "<group>"; };
		D360BDAA2C91DCDA0050ECC0 /* Recipe_TestTests.xctest */ = {isa = PBXFileReference; explicitFileType = wrapper.cfbundle; includeInIndex = 0; path = Recipe_TestTests.xctest; sourceTree = BUILT_PRODUCTS_DIR; };
		D360BDAE2C91DCDA0050ECC0 /* Recipe_TestTests.swift */ = {isa = PBXFileReference; lastKnownFileType = sourcecode.swift; path = Recipe_TestTests.swift; sourceTree = "<group>"; };
		D360BDB42C91DCDA0050ECC0 /* Recipe_TestUITests.xctest */ = {isa = PBXFileReference; explicitFileType = wrapper.cfbundle; includeInIndex = 0; path = Recipe_TestUITests.xctest; sourceTree = BUILT_PRODUCTS_DIR; };
		D360BDB82C91DCDA0050ECC0 /* Recipe_TestUITests.swift */ = {isa = PBXFileReference; lastKnownFileType = sourcecode.swift; path = Recipe_TestUITests.swift; sourceTree = "<group>"; };
		D360BDBA2C91DCDA0050ECC0 /* Recipe_TestUITestsLaunchTests.swift */ = {isa = PBXFileReference; lastKnownFileType = sourcecode.swift; path = Recipe_TestUITestsLaunchTests.swift; sourceTree = "<group>"; };
		D360BDC82C91DD4E0050ECC0 /* RecipeService.swift */ = {isa = PBXFileReference; lastKnownFileType = sourcecode.swift; path = RecipeService.swift; sourceTree = "<group>"; };
		D360BDCB2C91E91E0050ECC0 /* MealCategory.swift */ = {isa = PBXFileReference; lastKnownFileType = sourcecode.swift; path = MealCategory.swift; sourceTree = "<group>"; };
		D360BDCD2C92053C0050ECC0 /* MealDetailView.swift */ = {isa = PBXFileReference; lastKnownFileType = sourcecode.swift; path = MealDetailView.swift; sourceTree = "<group>"; };
		D360BDCF2C9226DA0050ECC0 /* MyAsyncImage.swift */ = {isa = PBXFileReference; lastKnownFileType = sourcecode.swift; path = MyAsyncImage.swift; sourceTree = "<group>"; };
		D360BDD12C93557D0050ECC0 /* MealDetail.swift */ = {isa = PBXFileReference; lastKnownFileType = sourcecode.swift; path = MealDetail.swift; sourceTree = "<group>"; };
		D360BDD32C9355BD0050ECC0 /* Meal.swift */ = {isa = PBXFileReference; lastKnownFileType = sourcecode.swift; path = Meal.swift; sourceTree = "<group>"; };
		D360BDD52C935C030050ECC0 /* MealListView.swift */ = {isa = PBXFileReference; lastKnownFileType = sourcecode.swift; path = MealListView.swift; sourceTree = "<group>"; };
/* End PBXFileReference section */

/* Begin PBXFrameworksBuildPhase section */
		D360BD972C91DCD80050ECC0 /* Frameworks */ = {
			isa = PBXFrameworksBuildPhase;
			buildActionMask = 2147483647;
			files = (
			);
			runOnlyForDeploymentPostprocessing = 0;
		};
		D360BDA72C91DCDA0050ECC0 /* Frameworks */ = {
			isa = PBXFrameworksBuildPhase;
			buildActionMask = 2147483647;
			files = (
			);
			runOnlyForDeploymentPostprocessing = 0;
		};
		D360BDB12C91DCDA0050ECC0 /* Frameworks */ = {
			isa = PBXFrameworksBuildPhase;
			buildActionMask = 2147483647;
			files = (
			);
			runOnlyForDeploymentPostprocessing = 0;
		};
/* End PBXFrameworksBuildPhase section */

/* Begin PBXGroup section */
		D360BD912C91DCD80050ECC0 = {
			isa = PBXGroup;
			children = (
				D360BD9C2C91DCD80050ECC0 /* Recipe_Test */,
				D360BDAD2C91DCDA0050ECC0 /* Recipe_TestTests */,
				D360BDB72C91DCDA0050ECC0 /* Recipe_TestUITests */,
				D360BD9B2C91DCD80050ECC0 /* Products */,
			);
			sourceTree = "<group>";
		};
		D360BD9B2C91DCD80050ECC0 /* Products */ = {
			isa = PBXGroup;
			children = (
				D360BD9A2C91DCD80050ECC0 /* Recipe_Test.app */,
				D360BDAA2C91DCDA0050ECC0 /* Recipe_TestTests.xctest */,
				D360BDB42C91DCDA0050ECC0 /* Recipe_TestUITests.xctest */,
			);
			name = Products;
			sourceTree = "<group>";
		};
		D360BD9C2C91DCD80050ECC0 /* Recipe_Test */ = {
			isa = PBXGroup;
			children = (
				D360BDCA2C91E8C80050ECC0 /* Models */,
				D360BDC72C91DD2B0050ECC0 /* Services */,
				D360BD9D2C91DCD80050ECC0 /* Recipe_TestApp.swift */,
				D360BDD72C935C150050ECC0 /* Views */,
				D360BDA12C91DCD90050ECC0 /* Assets.xcassets */,
				D360BDA32C91DCD90050ECC0 /* Preview Content */,
			);
			path = Recipe_Test;
			sourceTree = "<group>";
		};
		D360BDA32C91DCD90050ECC0 /* Preview Content */ = {
			isa = PBXGroup;
			children = (
				D360BDA42C91DCD90050ECC0 /* Preview Assets.xcassets */,
			);
			path = "Preview Content";
			sourceTree = "<group>";
		};
		D360BDAD2C91DCDA0050ECC0 /* Recipe_TestTests */ = {
			isa = PBXGroup;
			children = (
				D360BDAE2C91DCDA0050ECC0 /* Recipe_TestTests.swift */,
			);
			path = Recipe_TestTests;
			sourceTree = "<group>";
		};
		D360BDB72C91DCDA0050ECC0 /* Recipe_TestUITests */ = {
			isa = PBXGroup;
			children = (
				D360BDB82C91DCDA0050ECC0 /* Recipe_TestUITests.swift */,
				D360BDBA2C91DCDA0050ECC0 /* Recipe_TestUITestsLaunchTests.swift */,
			);
			path = Recipe_TestUITests;
			sourceTree = "<group>";
		};
		D360BDC72C91DD2B0050ECC0 /* Services */ = {
			isa = PBXGroup;
			children = (
				D360BDC82C91DD4E0050ECC0 /* RecipeService.swift */,
			);
			path = Services;
			sourceTree = "<group>";
		};
		D360BDCA2C91E8C80050ECC0 /* Models */ = {
			isa = PBXGroup;
			children = (
				D360BDCB2C91E91E0050ECC0 /* MealCategory.swift */,
				D360BDD12C93557D0050ECC0 /* MealDetail.swift */,
				D360BDD32C9355BD0050ECC0 /* Meal.swift */,
			);
			path = Models;
			sourceTree = "<group>";
		};
		D360BDD72C935C150050ECC0 /* Views */ = {
			isa = PBXGroup;
			children = (
				D360BD9F2C91DCD80050ECC0 /* ContentView.swift */,
				D360BDD52C935C030050ECC0 /* MealListView.swift */,
				D360BDCD2C92053C0050ECC0 /* MealDetailView.swift */,
				D360BDCF2C9226DA0050ECC0 /* MyAsyncImage.swift */,
			);
			path = Views;
			sourceTree = "<group>";
		};
/* End PBXGroup section */

/* Begin PBXNativeTarget section */
		D360BD992C91DCD80050ECC0 /* Recipe_Test */ = {
			isa = PBXNativeTarget;
			buildConfigurationList = D360BDBE2C91DCDA0050ECC0 /* Build configuration list for PBXNativeTarget "Recipe_Test" */;
			buildPhases = (
				D360BD962C91DCD80050ECC0 /* Sources */,
				D360BD972C91DCD80050ECC0 /* Frameworks */,
				D360BD982C91DCD80050ECC0 /* Resources */,
			);
			buildRules = (
			);
			dependencies = (
			);
			name = Recipe_Test;
			productName = Recipe_Test;
			productReference = D360BD9A2C91DCD80050ECC0 /* Recipe_Test.app */;
			productType = "com.apple.product-type.application";
		};
		D360BDA92C91DCDA0050ECC0 /* Recipe_TestTests */ = {
			isa = PBXNativeTarget;
			buildConfigurationList = D360BDC12C91DCDA0050ECC0 /* Build configuration list for PBXNativeTarget "Recipe_TestTests" */;
			buildPhases = (
				D360BDA62C91DCDA0050ECC0 /* Sources */,
				D360BDA72C91DCDA0050ECC0 /* Frameworks */,
				D360BDA82C91DCDA0050ECC0 /* Resources */,
			);
			buildRules = (
			);
			dependencies = (
				D360BDAC2C91DCDA0050ECC0 /* PBXTargetDependency */,
			);
			name = Recipe_TestTests;
			productName = Recipe_TestTests;
			productReference = D360BDAA2C91DCDA0050ECC0 /* Recipe_TestTests.xctest */;
			productType = "com.apple.product-type.bundle.unit-test";
		};
		D360BDB32C91DCDA0050ECC0 /* Recipe_TestUITests */ = {
			isa = PBXNativeTarget;
			buildConfigurationList = D360BDC42C91DCDA0050ECC0 /* Build configuration list for PBXNativeTarget "Recipe_TestUITests" */;
			buildPhases = (
				D360BDB02C91DCDA0050ECC0 /* Sources */,
				D360BDB12C91DCDA0050ECC0 /* Frameworks */,
				D360BDB22C91DCDA0050ECC0 /* Resources */,
			);
			buildRules = (
			);
			dependencies = (
				D360BDB62C91DCDA0050ECC0 /* PBXTargetDependency */,
			);
			name = Recipe_TestUITests;
			productName = Recipe_TestUITests;
			productReference = D360BDB42C91DCDA0050ECC0 /* Recipe_TestUITests.xctest */;
			productType = "com.apple.product-type.bundle.ui-testing";
		};
/* End PBXNativeTarget section */

/* Begin PBXProject section */
		D360BD922C91DCD80050ECC0 /* Project object */ = {
			isa = PBXProject;
			attributes = {
				BuildIndependentTargetsInParallel = 1;
				LastSwiftUpdateCheck = 1540;
				LastUpgradeCheck = 1540;
				TargetAttributes = {
					D360BD992C91DCD80050ECC0 = {
						CreatedOnToolsVersion = 15.4;
					};
					D360BDA92C91DCDA0050ECC0 = {
						CreatedOnToolsVersion = 15.4;
						TestTargetID = D360BD992C91DCD80050ECC0;
					};
					D360BDB32C91DCDA0050ECC0 = {
						CreatedOnToolsVersion = 15.4;
						TestTargetID = D360BD992C91DCD80050ECC0;
					};
				};
			};
			buildConfigurationList = D360BD952C91DCD80050ECC0 /* Build configuration list for PBXProject "Recipe_Test" */;
			compatibilityVersion = "Xcode 14.0";
			developmentRegion = en;
			hasScannedForEncodings = 0;
			knownRegions = (
				en,
				Base,
			);
			mainGroup = D360BD912C91DCD80050ECC0;
			productRefGroup = D360BD9B2C91DCD80050ECC0 /* Products */;
			projectDirPath = "";
			projectRoot = "";
			targets = (
				D360BD992C91DCD80050ECC0 /* Recipe_Test */,
				D360BDA92C91DCDA0050ECC0 /* Recipe_TestTests */,
				D360BDB32C91DCDA0050ECC0 /* Recipe_TestUITests */,
			);
		};
/* End PBXProject section */

/* Begin PBXResourcesBuildPhase section */
		D360BD982C91DCD80050ECC0 /* Resources */ = {
			isa = PBXResourcesBuildPhase;
			buildActionMask = 2147483647;
			files = (
				D360BDA52C91DCD90050ECC0 /* Preview Assets.xcassets in Resources */,
				D360BDA22C91DCD90050ECC0 /* Assets.xcassets in Resources */,
			);
			runOnlyForDeploymentPostprocessing = 0;
		};
		D360BDA82C91DCDA0050ECC0 /* Resources */ = {
			isa = PBXResourcesBuildPhase;
			buildActionMask = 2147483647;
			files = (
			);
			runOnlyForDeploymentPostprocessing = 0;
		};
		D360BDB22C91DCDA0050ECC0 /* Resources */ = {
			isa = PBXResourcesBuildPhase;
			buildActionMask = 2147483647;
			files = (
			);
			runOnlyForDeploymentPostprocessing = 0;
		};
/* End PBXResourcesBuildPhase section */

/* Begin PBXSourcesBuildPhase section */
		D360BD962C91DCD80050ECC0 /* Sources */ = {
			isa = PBXSourcesBuildPhase;
			buildActionMask = 2147483647;
			files = (
				D360BDA02C91DCD80050ECC0 /* ContentView.swift in Sources */,
				D360BDC92C91DD4E0050ECC0 /* RecipeService.swift in Sources */,
				D360BDD02C9226DA0050ECC0 /* MyAsyncImage.swift in Sources */,
				D360BDD22C93557D0050ECC0 /* MealDetail.swift in Sources */,
				D360BDD42C9355BD0050ECC0 /* Meal.swift in Sources */,
				D360BDD62C935C030050ECC0 /* MealListView.swift in Sources */,
				D360BDCE2C92053C0050ECC0 /* MealDetailView.swift in Sources */,
				D360BD9E2C91DCD80050ECC0 /* Recipe_TestApp.swift in Sources */,
				D360BDCC2C91E91E0050ECC0 /* MealCategory.swift in Sources */,
			);
			runOnlyForDeploymentPostprocessing = 0;
		};
		D360BDA62C91DCDA0050ECC0 /* Sources */ = {
			isa = PBXSourcesBuildPhase;
			buildActionMask = 2147483647;
			files = (
				D360BDAF2C91DCDA0050ECC0 /* Recipe_TestTests.swift in Sources */,
			);
			runOnlyForDeploymentPostprocessing = 0;
		};
		D360BDB02C91DCDA0050ECC0 /* Sources */ = {
			isa = PBXSourcesBuildPhase;
			buildActionMask = 2147483647;
			files = (
				D360BDBB2C91DCDA0050ECC0 /* Recipe_TestUITestsLaunchTests.swift in Sources */,
				D360BDB92C91DCDA0050ECC0 /* Recipe_TestUITests.swift in Sources */,
			);
			runOnlyForDeploymentPostprocessing = 0;
		};
/* End PBXSourcesBuildPhase section */

/* Begin PBXTargetDependency section */
		D360BDAC2C91DCDA0050ECC0 /* PBXTargetDependency */ = {
			isa = PBXTargetDependency;
			target = D360BD992C91DCD80050ECC0 /* Recipe_Test */;
			targetProxy = D360BDAB2C91DCDA0050ECC0 /* PBXContainerItemProxy */;
		};
		D360BDB62C91DCDA0050ECC0 /* PBXTargetDependency */ = {
			isa = PBXTargetDependency;
			target = D360BD992C91DCD80050ECC0 /* Recipe_Test */;
			targetProxy = D360BDB52C91DCDA0050ECC0 /* PBXContainerItemProxy */;
		};
/* End PBXTargetDependency section */

/* Begin XCBuildConfiguration section */
		D360BDBC2C91DCDA0050ECC0 /* Debug */ = {
			isa = XCBuildConfiguration;
			buildSettings = {
				ALWAYS_SEARCH_USER_PATHS = NO;
				ASSETCATALOG_COMPILER_GENERATE_SWIFT_ASSET_SYMBOL_EXTENSIONS = YES;
				CLANG_ANALYZER_NONNULL = YES;
				CLANG_ANALYZER_NUMBER_OBJECT_CONVERSION = YES_AGGRESSIVE;
				CLANG_CXX_LANGUAGE_STANDARD = "gnu++20";
				CLANG_ENABLE_MODULES = YES;
				CLANG_ENABLE_OBJC_ARC = YES;
				CLANG_ENABLE_OBJC_WEAK = YES;
				CLANG_WARN_BLOCK_CAPTURE_AUTORELEASING = YES;
				CLANG_WARN_BOOL_CONVERSION = YES;
				CLANG_WARN_COMMA = YES;
				CLANG_WARN_CONSTANT_CONVERSION = YES;
				CLANG_WARN_DEPRECATED_OBJC_IMPLEMENTATIONS = YES;
				CLANG_WARN_DIRECT_OBJC_ISA_USAGE = YES_ERROR;
				CLANG_WARN_DOCUMENTATION_COMMENTS = YES;
				CLANG_WARN_EMPTY_BODY = YES;
				CLANG_WARN_ENUM_CONVERSION = YES;
				CLANG_WARN_INFINITE_RECURSION = YES;
				CLANG_WARN_INT_CONVERSION = YES;
				CLANG_WARN_NON_LITERAL_NULL_CONVERSION = YES;
				CLANG_WARN_OBJC_IMPLICIT_RETAIN_SELF = YES;
				CLANG_WARN_OBJC_LITERAL_CONVERSION = YES;
				CLANG_WARN_OBJC_ROOT_CLASS = YES_ERROR;
				CLANG_WARN_QUOTED_INCLUDE_IN_FRAMEWORK_HEADER = YES;
				CLANG_WARN_RANGE_LOOP_ANALYSIS = YES;
				CLANG_WARN_STRICT_PROTOTYPES = YES;
				CLANG_WARN_SUSPICIOUS_MOVE = YES;
				CLANG_WARN_UNGUARDED_AVAILABILITY = YES_AGGRESSIVE;
				CLANG_WARN_UNREACHABLE_CODE = YES;
				CLANG_WARN__DUPLICATE_METHOD_MATCH = YES;
				COPY_PHASE_STRIP = NO;
				DEBUG_INFORMATION_FORMAT = dwarf;
				ENABLE_STRICT_OBJC_MSGSEND = YES;
				ENABLE_TESTABILITY = YES;
				ENABLE_USER_SCRIPT_SANDBOXING = YES;
				GCC_C_LANGUAGE_STANDARD = gnu17;
				GCC_DYNAMIC_NO_PIC = NO;
				GCC_NO_COMMON_BLOCKS = YES;
				GCC_OPTIMIZATION_LEVEL = 0;
				GCC_PREPROCESSOR_DEFINITIONS = (
					"DEBUG=1",
					"$(inherited)",
				);
				GCC_WARN_64_TO_32_BIT_CONVERSION = YES;
				GCC_WARN_ABOUT_RETURN_TYPE = YES_ERROR;
				GCC_WARN_UNDECLARED_SELECTOR = YES;
				GCC_WARN_UNINITIALIZED_AUTOS = YES_AGGRESSIVE;
				GCC_WARN_UNUSED_FUNCTION = YES;
				GCC_WARN_UNUSED_VARIABLE = YES;
				IPHONEOS_DEPLOYMENT_TARGET = 17.5;
				LOCALIZATION_PREFERS_STRING_CATALOGS = YES;
				MTL_ENABLE_DEBUG_INFO = INCLUDE_SOURCE;
				MTL_FAST_MATH = YES;
				ONLY_ACTIVE_ARCH = YES;
				SDKROOT = iphoneos;
				SWIFT_ACTIVE_COMPILATION_CONDITIONS = "DEBUG $(inherited)";
				SWIFT_OPTIMIZATION_LEVEL = "-Onone";
			};
			name = Debug;
		};
		D360BDBD2C91DCDA0050ECC0 /* Release */ = {
			isa = XCBuildConfiguration;
			buildSettings = {
				ALWAYS_SEARCH_USER_PATHS = NO;
				ASSETCATALOG_COMPILER_GENERATE_SWIFT_ASSET_SYMBOL_EXTENSIONS = YES;
				CLANG_ANALYZER_NONNULL = YES;
				CLANG_ANALYZER_NUMBER_OBJECT_CONVERSION = YES_AGGRESSIVE;
				CLANG_CXX_LANGUAGE_STANDARD = "gnu++20";
				CLANG_ENABLE_MODULES = YES;
				CLANG_ENABLE_OBJC_ARC = YES;
				CLANG_ENABLE_OBJC_WEAK = YES;
				CLANG_WARN_BLOCK_CAPTURE_AUTORELEASING = YES;
				CLANG_WARN_BOOL_CONVERSION = YES;
				CLANG_WARN_COMMA = YES;
				CLANG_WARN_CONSTANT_CONVERSION = YES;
				CLANG_WARN_DEPRECATED_OBJC_IMPLEMENTATIONS = YES;
				CLANG_WARN_DIRECT_OBJC_ISA_USAGE = YES_ERROR;
				CLANG_WARN_DOCUMENTATION_COMMENTS = YES;
				CLANG_WARN_EMPTY_BODY = YES;
				CLANG_WARN_ENUM_CONVERSION = YES;
				CLANG_WARN_INFINITE_RECURSION = YES;
				CLANG_WARN_INT_CONVERSION = YES;
				CLANG_WARN_NON_LITERAL_NULL_CONVERSION = YES;
				CLANG_WARN_OBJC_IMPLICIT_RETAIN_SELF = YES;
				CLANG_WARN_OBJC_LITERAL_CONVERSION = YES;
				CLANG_WARN_OBJC_ROOT_CLASS = YES_ERROR;
				CLANG_WARN_QUOTED_INCLUDE_IN_FRAMEWORK_HEADER = YES;
				CLANG_WARN_RANGE_LOOP_ANALYSIS = YES;
				CLANG_WARN_STRICT_PROTOTYPES = YES;
				CLANG_WARN_SUSPICIOUS_MOVE = YES;
				CLANG_WARN_UNGUARDED_AVAILABILITY = YES_AGGRESSIVE;
				CLANG_WARN_UNREACHABLE_CODE = YES;
				CLANG_WARN__DUPLICATE_METHOD_MATCH = YES;
				COPY_PHASE_STRIP = NO;
				DEBUG_INFORMATION_FORMAT = "dwarf-with-dsym";
				ENABLE_NS_ASSERTIONS = NO;
				ENABLE_STRICT_OBJC_MSGSEND = YES;
				ENABLE_USER_SCRIPT_SANDBOXING = YES;
				GCC_C_LANGUAGE_STANDARD = gnu17;
				GCC_NO_COMMON_BLOCKS = YES;
				GCC_WARN_64_TO_32_BIT_CONVERSION = YES;
				GCC_WARN_ABOUT_RETURN_TYPE = YES_ERROR;
				GCC_WARN_UNDECLARED_SELECTOR = YES;
				GCC_WARN_UNINITIALIZED_AUTOS = YES_AGGRESSIVE;
				GCC_WARN_UNUSED_FUNCTION = YES;
				GCC_WARN_UNUSED_VARIABLE = YES;
				IPHONEOS_DEPLOYMENT_TARGET = 17.5;
				LOCALIZATION_PREFERS_STRING_CATALOGS = YES;
				MTL_ENABLE_DEBUG_INFO = NO;
				MTL_FAST_MATH = YES;
				SDKROOT = iphoneos;
				SWIFT_COMPILATION_MODE = wholemodule;
				VALIDATE_PRODUCT = YES;
			};
			name = Release;
		};
		D360BDBF2C91DCDA0050ECC0 /* Debug */ = {
			isa = XCBuildConfiguration;
			buildSettings = {
				ASSETCATALOG_COMPILER_APPICON_NAME = AppIcon;
				ASSETCATALOG_COMPILER_GLOBAL_ACCENT_COLOR_NAME = AccentColor;
				CODE_SIGN_STYLE = Automatic;
				CURRENT_PROJECT_VERSION = 1;
				DEVELOPMENT_ASSET_PATHS = "\"Recipe_Test/Preview Content\"";
				DEVELOPMENT_TEAM = L77G6F7P4A;
				ENABLE_PREVIEWS = YES;
				GENERATE_INFOPLIST_FILE = YES;
				INFOPLIST_KEY_UIApplicationSceneManifest_Generation = YES;
				INFOPLIST_KEY_UIApplicationSupportsIndirectInputEvents = YES;
				INFOPLIST_KEY_UILaunchScreen_Generation = YES;
				INFOPLIST_KEY_UISupportedInterfaceOrientations_iPad = "UIInterfaceOrientationPortrait UIInterfaceOrientationPortraitUpsideDown UIInterfaceOrientationLandscapeLeft UIInterfaceOrientationLandscapeRight";
				INFOPLIST_KEY_UISupportedInterfaceOrientations_iPhone = "UIInterfaceOrientationPortrait UIInterfaceOrientationLandscapeLeft UIInterfaceOrientationLandscapeRight";
				LD_RUNPATH_SEARCH_PATHS = (
					"$(inherited)",
					"@executable_path/Frameworks",
				);
				MARKETING_VERSION = 1.0;
				PRODUCT_BUNDLE_IDENTIFIER = "NVee.Recipe-Test";
				PRODUCT_NAME = "$(TARGET_NAME)";
				SWIFT_EMIT_LOC_STRINGS = YES;
				SWIFT_VERSION = 5.0;
				TARGETED_DEVICE_FAMILY = "1,2";
			};
			name = Debug;
		};
		D360BDC02C91DCDA0050ECC0 /* Release */ = {
			isa = XCBuildConfiguration;
			buildSettings = {
				ASSETCATALOG_COMPILER_APPICON_NAME = AppIcon;
				ASSETCATALOG_COMPILER_GLOBAL_ACCENT_COLOR_NAME = AccentColor;
				CODE_SIGN_STYLE = Automatic;
				CURRENT_PROJECT_VERSION = 1;
				DEVELOPMENT_ASSET_PATHS = "\"Recipe_Test/Preview Content\"";
				DEVELOPMENT_TEAM = L77G6F7P4A;
				ENABLE_PREVIEWS = YES;
				GENERATE_INFOPLIST_FILE = YES;
				INFOPLIST_KEY_UIApplicationSceneManifest_Generation = YES;
				INFOPLIST_KEY_UIApplicationSupportsIndirectInputEvents = YES;
				INFOPLIST_KEY_UILaunchScreen_Generation = YES;
				INFOPLIST_KEY_UISupportedInterfaceOrientations_iPad = "UIInterfaceOrientationPortrait UIInterfaceOrientationPortraitUpsideDown UIInterfaceOrientationLandscapeLeft UIInterfaceOrientationLandscapeRight";
				INFOPLIST_KEY_UISupportedInterfaceOrientations_iPhone = "UIInterfaceOrientationPortrait UIInterfaceOrientationLandscapeLeft UIInterfaceOrientationLandscapeRight";
				LD_RUNPATH_SEARCH_PATHS = (
					"$(inherited)",
					"@executable_path/Frameworks",
				);
				MARKETING_VERSION = 1.0;
				PRODUCT_BUNDLE_IDENTIFIER = "NVee.Recipe-Test";
				PRODUCT_NAME = "$(TARGET_NAME)";
				SWIFT_EMIT_LOC_STRINGS = YES;
				SWIFT_VERSION = 5.0;
				TARGETED_DEVICE_FAMILY = "1,2";
			};
			name = Release;
		};
		D360BDC22C91DCDA0050ECC0 /* Debug */ = {
			isa = XCBuildConfiguration;
			buildSettings = {
				ALWAYS_EMBED_SWIFT_STANDARD_LIBRARIES = YES;
				BUNDLE_LOADER = "$(TEST_HOST)";
				CODE_SIGN_STYLE = Automatic;
				CURRENT_PROJECT_VERSION = 1;
				DEVELOPMENT_TEAM = L77G6F7P4A;
				GENERATE_INFOPLIST_FILE = YES;
				IPHONEOS_DEPLOYMENT_TARGET = 17.5;
				MARKETING_VERSION = 1.0;
				PRODUCT_BUNDLE_IDENTIFIER = "NVee.Recipe-TestTests";
				PRODUCT_NAME = "$(TARGET_NAME)";
				SWIFT_EMIT_LOC_STRINGS = NO;
				SWIFT_VERSION = 5.0;
				TARGETED_DEVICE_FAMILY = "1,2";
				TEST_HOST = "$(BUILT_PRODUCTS_DIR)/Recipe_Test.app/$(BUNDLE_EXECUTABLE_FOLDER_PATH)/Recipe_Test";
			};
			name = Debug;
		};
		D360BDC32C91DCDA0050ECC0 /* Release */ = {
			isa = XCBuildConfiguration;
			buildSettings = {
				ALWAYS_EMBED_SWIFT_STANDARD_LIBRARIES = YES;
				BUNDLE_LOADER = "$(TEST_HOST)";
				CODE_SIGN_STYLE = Automatic;
				CURRENT_PROJECT_VERSION = 1;
				DEVELOPMENT_TEAM = L77G6F7P4A;
				GENERATE_INFOPLIST_FILE = YES;
				IPHONEOS_DEPLOYMENT_TARGET = 17.5;
				MARKETING_VERSION = 1.0;
				PRODUCT_BUNDLE_IDENTIFIER = "NVee.Recipe-TestTests";
				PRODUCT_NAME = "$(TARGET_NAME)";
				SWIFT_EMIT_LOC_STRINGS = NO;
				SWIFT_VERSION = 5.0;
				TARGETED_DEVICE_FAMILY = "1,2";
				TEST_HOST = "$(BUILT_PRODUCTS_DIR)/Recipe_Test.app/$(BUNDLE_EXECUTABLE_FOLDER_PATH)/Recipe_Test";
			};
			name = Release;
		};
		D360BDC52C91DCDA0050ECC0 /* Debug */ = {
			isa = XCBuildConfiguration;
			buildSettings = {
				ALWAYS_EMBED_SWIFT_STANDARD_LIBRARIES = YES;
				CODE_SIGN_STYLE = Automatic;
				CURRENT_PROJECT_VERSION = 1;
				DEVELOPMENT_TEAM = L77G6F7P4A;
				GENERATE_INFOPLIST_FILE = YES;
				MARKETING_VERSION = 1.0;
				PRODUCT_BUNDLE_IDENTIFIER = "NVee.Recipe-TestUITests";
				PRODUCT_NAME = "$(TARGET_NAME)";
				SWIFT_EMIT_LOC_STRINGS = NO;
				SWIFT_VERSION = 5.0;
				TARGETED_DEVICE_FAMILY = "1,2";
				TEST_TARGET_NAME = Recipe_Test;
			};
			name = Debug;
		};
		D360BDC62C91DCDA0050ECC0 /* Release */ = {
			isa = XCBuildConfiguration;
			buildSettings = {
				ALWAYS_EMBED_SWIFT_STANDARD_LIBRARIES = YES;
				CODE_SIGN_STYLE = Automatic;
				CURRENT_PROJECT_VERSION = 1;
				DEVELOPMENT_TEAM = L77G6F7P4A;
				GENERATE_INFOPLIST_FILE = YES;
				MARKETING_VERSION = 1.0;
				PRODUCT_BUNDLE_IDENTIFIER = "NVee.Recipe-TestUITests";
				PRODUCT_NAME = "$(TARGET_NAME)";
				SWIFT_EMIT_LOC_STRINGS = NO;
				SWIFT_VERSION = 5.0;
				TARGETED_DEVICE_FAMILY = "1,2";
				TEST_TARGET_NAME = Recipe_Test;
			};
			name = Release;
		};
/* End XCBuildConfiguration section */

/* Begin XCConfigurationList section */
		D360BD952C91DCD80050ECC0 /* Build configuration list for PBXProject "Recipe_Test" */ = {
			isa = XCConfigurationList;
			buildConfigurations = (
				D360BDBC2C91DCDA0050ECC0 /* Debug */,
				D360BDBD2C91DCDA0050ECC0 /* Release */,
			);
			defaultConfigurationIsVisible = 0;
			defaultConfigurationName = Release;
		};
		D360BDBE2C91DCDA0050ECC0 /* Build configuration list for PBXNativeTarget "Recipe_Test" */ = {
			isa = XCConfigurationList;
			buildConfigurations = (
				D360BDBF2C91DCDA0050ECC0 /* Debug */,
				D360BDC02C91DCDA0050ECC0 /* Release */,
			);
			defaultConfigurationIsVisible = 0;
			defaultConfigurationName = Release;
		};
		D360BDC12C91DCDA0050ECC0 /* Build configuration list for PBXNativeTarget "Recipe_TestTests" */ = {
			isa = XCConfigurationList;
			buildConfigurations = (
				D360BDC22C91DCDA0050ECC0 /* Debug */,
				D360BDC32C91DCDA0050ECC0 /* Release */,
			);
			defaultConfigurationIsVisible = 0;
			defaultConfigurationName = Release;
		};
		D360BDC42C91DCDA0050ECC0 /* Build configuration list for PBXNativeTarget "Recipe_TestUITests" */ = {
			isa = XCConfigurationList;
			buildConfigurations = (
				D360BDC52C91DCDA0050ECC0 /* Debug */,
				D360BDC62C91DCDA0050ECC0 /* Release */,
			);
			defaultConfigurationIsVisible = 0;
			defaultConfigurationName = Release;
		};
/* End XCConfigurationList section */
	};
	rootObject = D360BD922C91DCD80050ECC0 /* Project object */;
}
